
Microsoft Visual Studio Solution File, Format Version 12.00
# Visual Studio Version 16
VisualStudioVersion = 16.0.28803.156
MinimumVisualStudioVersion = 10.0.40219.1
Project("{FAE04EC0-301F-11D3-BF4B-00C04F79EFBC}") = "FiguraGeometrica", "FiguraGeometrica\FiguraGeometrica.csproj", "{939A4F32-5611-49D4-B8EE-793A75DEFD89}"
EndProject
Global
	GlobalSection(SolutionConfigurationPlatforms) = preSolution
		Debug|Any CPU = Debug|Any CPU
		Release|Any CPU = Release|Any CPU
	EndGlobalSection
	GlobalSection(ProjectConfigurationPlatforms) = postSolution
		{939A4F32-5611-49D4-B8EE-793A75DEFD89}.Debug|Any CPU.ActiveCfg = Debug|Any CPU
		{939A4F32-5611-49D4-B8EE-793A75DEFD89}.Debug|Any CPU.Build.0 = Debug|Any CPU
		{939A4F32-5611-49D4-B8EE-793A75DEFD89}.Release|Any CPU.ActiveCfg = Release|Any CPU
		{939A4F32-5611-49D4-B8EE-793A75DEFD89}.Release|Any CPU.Build.0 = Release|Any CPU
	EndGlobalSection
	GlobalSection(SolutionProperties) = preSolution
		HideSolutionNode = FALSE
	EndGlobalSection
	GlobalSection(ExtensibilityGlobals) = postSolution
		SolutionGuid = {3351597E-93BA-4A3D-8523-4DDC8AF3C5A7}
	EndGlobalSection
EndGlobal
